
Microsoft Visual Studio Solution File, Format Version 11.00
# Visual Studio 2010
Project("{8BC9CEB8-8B4A-11D0-8D11-00A0C91BC942}") = "MyHangman", "MyHangman\MyHangman.vcxproj", "{8DAAEA27-3631-4752-BE88-D4F3B2253CF2}"
EndProject
Project("{8BC9CEB8-8B4A-11D0-8D11-00A0C91BC942}") = "MyHangmanLib", "MyHangmanLib\MyHangmanLib.vcxproj", "{9712813F-8114-411A-B817-08B64DB29DA7}"
EndProject
Global
	GlobalSection(SolutionConfigurationPlatforms) = preSolution
		Debug|Win32 = Debug|Win32
		Release|Win32 = Release|Win32
	EndGlobalSection
	GlobalSection(ProjectConfigurationPlatforms) = postSolution
		{8DAAEA27-3631-4752-BE88-D4F3B2253CF2}.Debug|Win32.ActiveCfg = Debug|Win32
		{8DAAEA27-3631-4752-BE88-D4F3B2253CF2}.Debug|Win32.Build.0 = Debug|Win32
		{8DAAEA27-3631-4752-BE88-D4F3B2253CF2}.Release|Win32.ActiveCfg = Release|Win32
		{8DAAEA27-3631-4752-BE88-D4F3B2253CF2}.Release|Win32.Build.0 = Release|Win32
		{9712813F-8114-411A-B817-08B64DB29DA7}.Debug|Win32.ActiveCfg = Debug|Win32
		{9712813F-8114-411A-B817-08B64DB29DA7}.Debug|Win32.Build.0 = Debug|Win32
		{9712813F-8114-411A-B817-08B64DB29DA7}.Release|Win32.ActiveCfg = Release|Win32
		{9712813F-8114-411A-B817-08B64DB29DA7}.Release|Win32.Build.0 = Release|Win32
	EndGlobalSection
	GlobalSection(SolutionProperties) = preSolution
		HideSolutionNode = FALSE
	EndGlobalSection
EndGlobal
